{
  "pins" : [
    {
      "identity" : "openaiswift",
      "kind" : "remoteSourceControl",
      "location" : "https://github.com/Chat-Defender/OpenAISwift.git",
      "state" : {
        "revision" : "8c1e62e2b0c1848f567d86400db27d5ddf7f83d1",
        "version" : "1.2.2"
      }
    }
  ],
  "version" : 2
}
