{
  "pins" : [
    {
      "identity" : "openaiswift",
      "kind" : "remoteSourceControl",
      "location" : "https://github.com/Chat-Defender/OpenAISwift.git",
      "state" : {
        "revision" : "8634e7ce95e65696b6325241d6fdfea2ef694aaa",
        "version" : "1.2.1"
      }
    }
  ],
  "version" : 2
}
